
Microsoft Visual Studio Solution File, Format Version 12.00
# Visual Studio Version 17
VisualStudioVersion = 17.6.33815.320
MinimumVisualStudioVersion = 10.0.40219.1
Project("{FAE04EC0-301F-11D3-BF4B-00C04F79EFBC}") = "sorted", "sorted\sorted.csproj", "{D0105270-3FE3-4648-A927-4C54EC7E259C}"
EndProject
Global
	GlobalSection(SolutionConfigurationPlatforms) = preSolution
		Debug|Any CPU = Debug|Any CPU
		Release|Any CPU = Release|Any CPU
	EndGlobalSection
	GlobalSection(ProjectConfigurationPlatforms) = postSolution
		{D0105270-3FE3-4648-A927-4C54EC7E259C}.Debug|Any CPU.ActiveCfg = Debug|Any CPU
		{D0105270-3FE3-4648-A927-4C54EC7E259C}.Debug|Any CPU.Build.0 = Debug|Any CPU
		{D0105270-3FE3-4648-A927-4C54EC7E259C}.Release|Any CPU.ActiveCfg = Release|Any CPU
		{D0105270-3FE3-4648-A927-4C54EC7E259C}.Release|Any CPU.Build.0 = Release|Any CPU
	EndGlobalSection
	GlobalSection(SolutionProperties) = preSolution
		HideSolutionNode = FALSE
	EndGlobalSection
	GlobalSection(ExtensibilityGlobals) = postSolution
		SolutionGuid = {ACAAB4A4-1A50-49A4-957D-940323F48BB9}
	EndGlobalSection
EndGlobal
